
Microsoft Visual Studio Solution File, Format Version 12.00
# Visual Studio Version 16
VisualStudioVersion = 16.0.30503.244
MinimumVisualStudioVersion = 10.0.40219.1
Project("{9A19103F-16F7-4668-BE54-9A1E7A4F7556}") = "StaffingIndustry.Application.DataAccess", "StaffingIndustry.Application.DataAccess\StaffingIndustry.Application.DataAccess.csproj", "{CFA24EB3-2F09-46C5-851F-93AA6316E790}"
EndProject
Project("{9A19103F-16F7-4668-BE54-9A1E7A4F7556}") = "StaffingIndustry.Application.Model", "StaffingIndustry.Application.Model\StaffingIndustry.Application.Model.csproj", "{7108F3B0-334F-4FA2-B857-352BAD646D72}"
EndProject
Project("{9A19103F-16F7-4668-BE54-9A1E7A4F7556}") = "StaffingIndustry.Application.Service", "StaffingIndustry.Application.Service\StaffingIndustry.Application.Service.csproj", "{386CD0B0-E296-4B29-831B-B40D54546FD4}"
EndProject
Project("{9A19103F-16F7-4668-BE54-9A1E7A4F7556}") = "StaffingIndustry.Application.WebApi", "StaffingIndustry.Application.WebApi\StaffingIndustry.Application.WebApi.csproj", "{EC1DDB62-0C55-40B3-8F9E-5748906E3523}"
EndProject
Project("{FAE04EC0-301F-11D3-BF4B-00C04F79EFBC}") = "StaffingIndustry.Application.Web", "StaffingIndustry.Application.Web\StaffingIndustry.Application.Web.csproj", "{93F40AF2-412B-4DEA-ABD7-360621B1C419}"
EndProject
Global
	GlobalSection(SolutionConfigurationPlatforms) = preSolution
		Debug|Any CPU = Debug|Any CPU
		Release|Any CPU = Release|Any CPU
	EndGlobalSection
	GlobalSection(ProjectConfigurationPlatforms) = postSolution
		{CFA24EB3-2F09-46C5-851F-93AA6316E790}.Debug|Any CPU.ActiveCfg = Debug|Any CPU
		{CFA24EB3-2F09-46C5-851F-93AA6316E790}.Debug|Any CPU.Build.0 = Debug|Any CPU
		{CFA24EB3-2F09-46C5-851F-93AA6316E790}.Release|Any CPU.ActiveCfg = Release|Any CPU
		{CFA24EB3-2F09-46C5-851F-93AA6316E790}.Release|Any CPU.Build.0 = Release|Any CPU
		{7108F3B0-334F-4FA2-B857-352BAD646D72}.Debug|Any CPU.ActiveCfg = Debug|Any CPU
		{7108F3B0-334F-4FA2-B857-352BAD646D72}.Debug|Any CPU.Build.0 = Debug|Any CPU
		{7108F3B0-334F-4FA2-B857-352BAD646D72}.Release|Any CPU.ActiveCfg = Release|Any CPU
		{7108F3B0-334F-4FA2-B857-352BAD646D72}.Release|Any CPU.Build.0 = Release|Any CPU
		{386CD0B0-E296-4B29-831B-B40D54546FD4}.Debug|Any CPU.ActiveCfg = Debug|Any CPU
		{386CD0B0-E296-4B29-831B-B40D54546FD4}.Debug|Any CPU.Build.0 = Debug|Any CPU
		{386CD0B0-E296-4B29-831B-B40D54546FD4}.Release|Any CPU.ActiveCfg = Release|Any CPU
		{386CD0B0-E296-4B29-831B-B40D54546FD4}.Release|Any CPU.Build.0 = Release|Any CPU
		{EC1DDB62-0C55-40B3-8F9E-5748906E3523}.Debug|Any CPU.ActiveCfg = Debug|Any CPU
		{EC1DDB62-0C55-40B3-8F9E-5748906E3523}.Debug|Any CPU.Build.0 = Debug|Any CPU
		{EC1DDB62-0C55-40B3-8F9E-5748906E3523}.Release|Any CPU.ActiveCfg = Release|Any CPU
		{EC1DDB62-0C55-40B3-8F9E-5748906E3523}.Release|Any CPU.Build.0 = Release|Any CPU
		{93F40AF2-412B-4DEA-ABD7-360621B1C419}.Debug|Any CPU.ActiveCfg = Debug|Any CPU
		{93F40AF2-412B-4DEA-ABD7-360621B1C419}.Debug|Any CPU.Build.0 = Debug|Any CPU
		{93F40AF2-412B-4DEA-ABD7-360621B1C419}.Release|Any CPU.ActiveCfg = Release|Any CPU
		{93F40AF2-412B-4DEA-ABD7-360621B1C419}.Release|Any CPU.Build.0 = Release|Any CPU
	EndGlobalSection
	GlobalSection(SolutionProperties) = preSolution
		HideSolutionNode = FALSE
	EndGlobalSection
	GlobalSection(ExtensibilityGlobals) = postSolution
		SolutionGuid = {5AC3E57A-1CF5-4933-BE48-BD01946EE4CB}
	EndGlobalSection
EndGlobal
